// !$*UTF8*$!
{
	archiveVersion = 1;
	classes = {
	};
	objectVersion = 50;
	objects = {

/* Begin PBXBuildFile section */
		632F3C1D2589F84D0080D7CE /* AppDelegate.swift in Sources */ = {isa = PBXBuildFile; fileRef = 632F3C1C2589F84D0080D7CE /* AppDelegate.swift */; };
		632F3C1F2589F84D0080D7CE /* SceneDelegate.swift in Sources */ = {isa = PBXBuildFile; fileRef = 632F3C1E2589F84D0080D7CE /* SceneDelegate.swift */; };
		632F3C212589F84D0080D7CE /* ViewController.swift in Sources */ = {isa = PBXBuildFile; fileRef = 632F3C202589F84D0080D7CE /* ViewController.swift */; };
		632F3C242589F84D0080D7CE /* Main.storyboard in Resources */ = {isa = PBXBuildFile; fileRef = 632F3C222589F84D0080D7CE /* Main.storyboard */; };
		632F3C262589F84F0080D7CE /* Assets.xcassets in Resources */ = {isa = PBXBuildFile; fileRef = 632F3C252589F84F0080D7CE /* Assets.xcassets */; };
		632F3C292589F84F0080D7CE /* LaunchScreen.storyboard in Resources */ = {isa = PBXBuildFile; fileRef = 632F3C272589F84F0080D7CE /* LaunchScreen.storyboard */; };
		632F3C342589F84F0080D7CE /* AU20_TableViewIntroTests.swift in Sources */ = {isa = PBXBuildFile; fileRef = 632F3C332589F84F0080D7CE /* AU20_TableViewIntroTests.swift */; };
		632F3C3F2589F84F0080D7CE /* AU20_TableViewIntroUITests.swift in Sources */ = {isa = PBXBuildFile; fileRef = 632F3C3E2589F84F0080D7CE /* AU20_TableViewIntroUITests.swift */; };
		632F3C502589FA4B0080D7CE /* PersonTableViewCell.xib in Resources */ = {isa = PBXBuildFile; fileRef = 632F3C4F2589FA4B0080D7CE /* PersonTableViewCell.xib */; };
		632F3C552589FC580080D7CE /* PersonTableViewCell.swift in Sources */ = {isa = PBXBuildFile; fileRef = 632F3C542589FC580080D7CE /* PersonTableViewCell.swift */; };
		632F3C5A258A0B160080D7CE /* Person.swift in Sources */ = {isa = PBXBuildFile; fileRef = 632F3C59258A0B160080D7CE /* Person.swift */; };
		632F3C5F258A0BE80080D7CE /* Persons.swift in Sources */ = {isa = PBXBuildFile; fileRef = 632F3C5E258A0BE80080D7CE /* Persons.swift */; };
/* End PBXBuildFile section */

/* Begin PBXContainerItemProxy section */
		632F3C302589F84F0080D7CE /* PBXContainerItemProxy */ = {
			isa = PBXContainerItemProxy;
			containerPortal = 632F3C112589F84D0080D7CE /* Project object */;
			proxyType = 1;
			remoteGlobalIDString = 632F3C182589F84D0080D7CE;
			remoteInfo = AU20_TableViewIntro;
		};
		632F3C3B2589F84F0080D7CE /* PBXContainerItemProxy */ = {
			isa = PBXContainerItemProxy;
			containerPortal = 632F3C112589F84D0080D7CE /* Project object */;
			proxyType = 1;
			remoteGlobalIDString = 632F3C182589F84D0080D7CE;
			remoteInfo = AU20_TableViewIntro;
		};
/* End PBXContainerItemProxy section */

/* Begin PBXFileReference section */
		632F3C192589F84D0080D7CE /* AU20_TableViewIntro.app */ = {isa = PBXFileReference; explicitFileType = wrapper.application; includeInIndex = 0; path = AU20_TableViewIntro.app; sourceTree = BUILT_PRODUCTS_DIR; };
		632F3C1C2589F84D0080D7CE /* AppDelegate.swift */ = {isa = PBXFileReference; lastKnownFileType = sourcecode.swift; path = AppDelegate.swift; sourceTree = "<group>"; };
		632F3C1E2589F84D0080D7CE /* SceneDelegate.swift */ = {isa = PBXFileReference; lastKnownFileType = sourcecode.swift; path = SceneDelegate.swift; sourceTree = "<group>"; };
		632F3C202589F84D0080D7CE /* ViewController.swift */ = {isa = PBXFileReference; lastKnownFileType = sourcecode.swift; path = ViewController.swift; sourceTree = "<group>"; };
		632F3C232589F84D0080D7CE /* Base */ = {isa = PBXFileReference; lastKnownFileType = file.storyboard; name = Base; path = Base.lproj/Main.storyboard; sourceTree = "<group>"; };
		632F3C252589F84F0080D7CE /* Assets.xcassets */ = {isa = PBXFileReference; lastKnownFileType = folder.assetcatalog; path = Assets.xcassets; sourceTree = "<group>"; };
		632F3C282589F84F0080D7CE /* Base */ = {isa = PBXFileReference; lastKnownFileType = file.storyboard; name = Base; path = Base.lproj/LaunchScreen.storyboard; sourceTree = "<group>"; };
		632F3C2A2589F84F0080D7CE /* Info.plist */ = {isa = PBXFileReference; lastKnownFileType = text.plist.xml; path = Info.plist; sourceTree = "<group>"; };
		632F3C2F2589F84F0080D7CE /* AU20_TableViewIntroTests.xctest */ = {isa = PBXFileReference; explicitFileType = wrapper.cfbundle; includeInIndex = 0; path = AU20_TableViewIntroTests.xctest; sourceTree = BUILT_PRODUCTS_DIR; };
		632F3C332589F84F0080D7CE /* AU20_TableViewIntroTests.swift */ = {isa = PBXFileReference; lastKnownFileType = sourcecode.swift; path = AU20_TableViewIntroTests.swift; sourceTree = "<group>"; };
		632F3C352589F84F0080D7CE /* Info.plist */ = {isa = PBXFileReference; lastKnownFileType = text.plist.xml; path = Info.plist; sourceTree = "<group>"; };
		632F3C3A2589F84F0080D7CE /* AU20_TableViewIntroUITests.xctest */ = {isa = PBXFileReference; explicitFileType = wrapper.cfbundle; includeInIndex = 0; path = AU20_TableViewIntroUITests.xctest; sourceTree = BUILT_PRODUCTS_DIR; };
		632F3C3E2589F84F0080D7CE /* AU20_TableViewIntroUITests.swift */ = {isa = PBXFileReference; lastKnownFileType = sourcecode.swift; path = AU20_TableViewIntroUITests.swift; sourceTree = "<group>"; };
		632F3C402589F84F0080D7CE /* Info.plist */ = {isa = PBXFileReference; lastKnownFileType = text.plist.xml; path = Info.plist; sourceTree = "<group>"; };
		632F3C4F2589FA4B0080D7CE /* PersonTableViewCell.xib */ = {isa = PBXFileReference; lastKnownFileType = file.xib; path = PersonTableViewCell.xib; sourceTree = "<group>"; };
		632F3C542589FC580080D7CE /* PersonTableViewCell.swift */ = {isa = PBXFileReference; lastKnownFileType = sourcecode.swift; path = PersonTableViewCell.swift; sourceTree = "<group>"; };
		632F3C59258A0B160080D7CE /* Person.swift */ = {isa = PBXFileReference; lastKnownFileType = sourcecode.swift; path = Person.swift; sourceTree = "<group>"; };
		632F3C5E258A0BE80080D7CE /* Persons.swift */ = {isa = PBXFileReference; lastKnownFileType = sourcecode.swift; path = Persons.swift; sourceTree = "<group>"; };
/* End PBXFileReference section */

/* Begin PBXFrameworksBuildPhase section */
		632F3C162589F84D0080D7CE /* Frameworks */ = {
			isa = PBXFrameworksBuildPhase;
			buildActionMask = 2147483647;
			files = (
			);
			runOnlyForDeploymentPostprocessing = 0;
		};
		632F3C2C2589F84F0080D7CE /* Frameworks */ = {
			isa = PBXFrameworksBuildPhase;
			buildActionMask = 2147483647;
			files = (
			);
			runOnlyForDeploymentPostprocessing = 0;
		};
		632F3C372589F84F0080D7CE /* Frameworks */ = {
			isa = PBXFrameworksBuildPhase;
			buildActionMask = 2147483647;
			files = (
			);
			runOnlyForDeploymentPostprocessing = 0;
		};
/* End PBXFrameworksBuildPhase section */

/* Begin PBXGroup section */
		632F3C102589F84D0080D7CE = {
			isa = PBXGroup;
			children = (
				632F3C1B2589F84D0080D7CE /* AU20_TableViewIntro */,
				632F3C322589F84F0080D7CE /* AU20_TableViewIntroTests */,
				632F3C3D2589F84F0080D7CE /* AU20_TableViewIntroUITests */,
				632F3C1A2589F84D0080D7CE /* Products */,
			);
			sourceTree = "<group>";
		};
		632F3C1A2589F84D0080D7CE /* Products */ = {
			isa = PBXGroup;
			children = (
				632F3C192589F84D0080D7CE /* AU20_TableViewIntro.app */,
				632F3C2F2589F84F0080D7CE /* AU20_TableViewIntroTests.xctest */,
				632F3C3A2589F84F0080D7CE /* AU20_TableViewIntroUITests.xctest */,
			);
			name = Products;
			sourceTree = "<group>";
		};
		632F3C1B2589F84D0080D7CE /* AU20_TableViewIntro */ = {
			isa = PBXGroup;
			children = (
				632F3C1C2589F84D0080D7CE /* AppDelegate.swift */,
				632F3C1E2589F84D0080D7CE /* SceneDelegate.swift */,
				632F3C202589F84D0080D7CE /* ViewController.swift */,
				632F3C222589F84D0080D7CE /* Main.storyboard */,
				632F3C252589F84F0080D7CE /* Assets.xcassets */,
				632F3C272589F84F0080D7CE /* LaunchScreen.storyboard */,
				632F3C2A2589F84F0080D7CE /* Info.plist */,
				632F3C4F2589FA4B0080D7CE /* PersonTableViewCell.xib */,
				632F3C542589FC580080D7CE /* PersonTableViewCell.swift */,
				632F3C59258A0B160080D7CE /* Person.swift */,
				632F3C5E258A0BE80080D7CE /* Persons.swift */,
			);
			path = AU20_TableViewIntro;
			sourceTree = "<group>";
		};
		632F3C322589F84F0080D7CE /* AU20_TableViewIntroTests */ = {
			isa = PBXGroup;
			children = (
				632F3C332589F84F0080D7CE /* AU20_TableViewIntroTests.swift */,
				632F3C352589F84F0080D7CE /* Info.plist */,
			);
			path = AU20_TableViewIntroTests;
			sourceTree = "<group>";
		};
		632F3C3D2589F84F0080D7CE /* AU20_TableViewIntroUITests */ = {
			isa = PBXGroup;
			children = (
				632F3C3E2589F84F0080D7CE /* AU20_TableViewIntroUITests.swift */,
				632F3C402589F84F0080D7CE /* Info.plist */,
			);
			path = AU20_TableViewIntroUITests;
			sourceTree = "<group>";
		};
/* End PBXGroup section */

/* Begin PBXNativeTarget section */
		632F3C182589F84D0080D7CE /* AU20_TableViewIntro */ = {
			isa = PBXNativeTarget;
			buildConfigurationList = 632F3C432589F84F0080D7CE /* Build configuration list for PBXNativeTarget "AU20_TableViewIntro" */;
			buildPhases = (
				632F3C152589F84D0080D7CE /* Sources */,
				632F3C162589F84D0080D7CE /* Frameworks */,
				632F3C172589F84D0080D7CE /* Resources */,
			);
			buildRules = (
			);
			dependencies = (
			);
			name = AU20_TableViewIntro;
			productName = AU20_TableViewIntro;
			productReference = 632F3C192589F84D0080D7CE /* AU20_TableViewIntro.app */;
			productType = "com.apple.product-type.application";
		};
		632F3C2E2589F84F0080D7CE /* AU20_TableViewIntroTests */ = {
			isa = PBXNativeTarget;
			buildConfigurationList = 632F3C462589F84F0080D7CE /* Build configuration list for PBXNativeTarget "AU20_TableViewIntroTests" */;
			buildPhases = (
				632F3C2B2589F84F0080D7CE /* Sources */,
				632F3C2C2589F84F0080D7CE /* Frameworks */,
				632F3C2D2589F84F0080D7CE /* Resources */,
			);
			buildRules = (
			);
			dependencies = (
				632F3C312589F84F0080D7CE /* PBXTargetDependency */,
			);
			name = AU20_TableViewIntroTests;
			productName = AU20_TableViewIntroTests;
			productReference = 632F3C2F2589F84F0080D7CE /* AU20_TableViewIntroTests.xctest */;
			productType = "com.apple.product-type.bundle.unit-test";
		};
		632F3C392589F84F0080D7CE /* AU20_TableViewIntroUITests */ = {
			isa = PBXNativeTarget;
			buildConfigurationList = 632F3C492589F84F0080D7CE /* Build configuration list for PBXNativeTarget "AU20_TableViewIntroUITests" */;
			buildPhases = (
				632F3C362589F84F0080D7CE /* Sources */,
				632F3C372589F84F0080D7CE /* Frameworks */,
				632F3C382589F84F0080D7CE /* Resources */,
			);
			buildRules = (
			);
			dependencies = (
				632F3C3C2589F84F0080D7CE /* PBXTargetDependency */,
			);
			name = AU20_TableViewIntroUITests;
			productName = AU20_TableViewIntroUITests;
			productReference = 632F3C3A2589F84F0080D7CE /* AU20_TableViewIntroUITests.xctest */;
			productType = "com.apple.product-type.bundle.ui-testing";
		};
/* End PBXNativeTarget section */

/* Begin PBXProject section */
		632F3C112589F84D0080D7CE /* Project object */ = {
			isa = PBXProject;
			attributes = {
				LastSwiftUpdateCheck = 1230;
				LastUpgradeCheck = 1230;
				TargetAttributes = {
					632F3C182589F84D0080D7CE = {
						CreatedOnToolsVersion = 12.3;
					};
					632F3C2E2589F84F0080D7CE = {
						CreatedOnToolsVersion = 12.3;
						TestTargetID = 632F3C182589F84D0080D7CE;
					};
					632F3C392589F84F0080D7CE = {
						CreatedOnToolsVersion = 12.3;
						TestTargetID = 632F3C182589F84D0080D7CE;
					};
				};
			};
			buildConfigurationList = 632F3C142589F84D0080D7CE /* Build configuration list for PBXProject "AU20_TableViewIntro" */;
			compatibilityVersion = "Xcode 9.3";
			developmentRegion = en;
			hasScannedForEncodings = 0;
			knownRegions = (
				en,
				Base,
			);
			mainGroup = 632F3C102589F84D0080D7CE;
			productRefGroup = 632F3C1A2589F84D0080D7CE /* Products */;
			projectDirPath = "";
			projectRoot = "";
			targets = (
				632F3C182589F84D0080D7CE /* AU20_TableViewIntro */,
				632F3C2E2589F84F0080D7CE /* AU20_TableViewIntroTests */,
				632F3C392589F84F0080D7CE /* AU20_TableViewIntroUITests */,
			);
		};
/* End PBXProject section */

/* Begin PBXResourcesBuildPhase section */
		632F3C172589F84D0080D7CE /* Resources */ = {
			isa = PBXResourcesBuildPhase;
			buildActionMask = 2147483647;
			files = (
				632F3C292589F84F0080D7CE /* LaunchScreen.storyboard in Resources */,
				632F3C262589F84F0080D7CE /* Assets.xcassets in Resources */,
				632F3C502589FA4B0080D7CE /* PersonTableViewCell.xib in Resources */,
				632F3C242589F84D0080D7CE /* Main.storyboard in Resources */,
			);
			runOnlyForDeploymentPostprocessing = 0;
		};
		632F3C2D2589F84F0080D7CE /* Resources */ = {
			isa = PBXResourcesBuildPhase;
			buildActionMask = 2147483647;
			files = (
			);
			runOnlyForDeploymentPostprocessing = 0;
		};
		632F3C382589F84F0080D7CE /* Resources */ = {
			isa = PBXResourcesBuildPhase;
			buildActionMask = 2147483647;
			files = (
			);
			runOnlyForDeploymentPostprocessing = 0;
		};
/* End PBXResourcesBuildPhase section */

/* Begin PBXSourcesBuildPhase section */
		632F3C152589F84D0080D7CE /* Sources */ = {
			isa = PBXSourcesBuildPhase;
			buildActionMask = 2147483647;
			files = (
				632F3C5F258A0BE80080D7CE /* Persons.swift in Sources */,
				632F3C5A258A0B160080D7CE /* Person.swift in Sources */,
				632F3C212589F84D0080D7CE /* ViewController.swift in Sources */,
				632F3C1D2589F84D0080D7CE /* AppDelegate.swift in Sources */,
				632F3C552589FC580080D7CE /* PersonTableViewCell.swift in Sources */,
				632F3C1F2589F84D0080D7CE /* SceneDelegate.swift in Sources */,
			);
			runOnlyForDeploymentPostprocessing = 0;
		};
		632F3C2B2589F84F0080D7CE /* Sources */ = {
			isa = PBXSourcesBuildPhase;
			buildActionMask = 2147483647;
			files = (
				632F3C342589F84F0080D7CE /* AU20_TableViewIntroTests.swift in Sources */,
			);
			runOnlyForDeploymentPostprocessing = 0;
		};
		632F3C362589F84F0080D7CE /* Sources */ = {
			isa = PBXSourcesBuildPhase;
			buildActionMask = 2147483647;
			files = (
				632F3C3F2589F84F0080D7CE /* AU20_TableViewIntroUITests.swift in Sources */,
			);
			runOnlyForDeploymentPostprocessing = 0;
		};
/* End PBXSourcesBuildPhase section */

/* Begin PBXTargetDependency section */
		632F3C312589F84F0080D7CE /* PBXTargetDependency */ = {
			isa = PBXTargetDependency;
			target = 632F3C182589F84D0080D7CE /* AU20_TableViewIntro */;
			targetProxy = 632F3C302589F84F0080D7CE /* PBXContainerItemProxy */;
		};
		632F3C3C2589F84F0080D7CE /* PBXTargetDependency */ = {
			isa = PBXTargetDependency;
			target = 632F3C182589F84D0080D7CE /* AU20_TableViewIntro */;
			targetProxy = 632F3C3B2589F84F0080D7CE /* PBXContainerItemProxy */;
		};
/* End PBXTargetDependency section */

/* Begin PBXVariantGroup section */
		632F3C222589F84D0080D7CE /* Main.storyboard */ = {
			isa = PBXVariantGroup;
			children = (
				632F3C232589F84D0080D7CE /* Base */,
			);
			name = Main.storyboard;
			sourceTree = "<group>";
		};
		632F3C272589F84F0080D7CE /* LaunchScreen.storyboard */ = {
			isa = PBXVariantGroup;
			children = (
				632F3C282589F84F0080D7CE /* Base */,
			);
			name = LaunchScreen.storyboard;
			sourceTree = "<group>";
		};
/* End PBXVariantGroup section */

/* Begin XCBuildConfiguration section */
		632F3C412589F84F0080D7CE /* Debug */ = {
			isa = XCBuildConfiguration;
			buildSettings = {
				ALWAYS_SEARCH_USER_PATHS = NO;
				CLANG_ANALYZER_NONNULL = YES;
				CLANG_ANALYZER_NUMBER_OBJECT_CONVERSION = YES_AGGRESSIVE;
				CLANG_CXX_LANGUAGE_STANDARD = "gnu++14";
				CLANG_CXX_LIBRARY = "libc++";
				CLANG_ENABLE_MODULES = YES;
				CLANG_ENABLE_OBJC_ARC = YES;
				CLANG_ENABLE_OBJC_WEAK = YES;
				CLANG_WARN_BLOCK_CAPTURE_AUTORELEASING = YES;
				CLANG_WARN_BOOL_CONVERSION = YES;
				CLANG_WARN_COMMA = YES;
				CLANG_WARN_CONSTANT_CONVERSION = YES;
				CLANG_WARN_DEPRECATED_OBJC_IMPLEMENTATIONS = YES;
				CLANG_WARN_DIRECT_OBJC_ISA_USAGE = YES_ERROR;
				CLANG_WARN_DOCUMENTATION_COMMENTS = YES;
				CLANG_WARN_EMPTY_BODY = YES;
				CLANG_WARN_ENUM_CONVERSION = YES;
				CLANG_WARN_INFINITE_RECURSION = YES;
				CLANG_WARN_INT_CONVERSION = YES;
				CLANG_WARN_NON_LITERAL_NULL_CONVERSION = YES;
				CLANG_WARN_OBJC_IMPLICIT_RETAIN_SELF = YES;
				CLANG_WARN_OBJC_LITERAL_CONVERSION = YES;
				CLANG_WARN_OBJC_ROOT_CLASS = YES_ERROR;
				CLANG_WARN_QUOTED_INCLUDE_IN_FRAMEWORK_HEADER = YES;
				CLANG_WARN_RANGE_LOOP_ANALYSIS = YES;
				CLANG_WARN_STRICT_PROTOTYPES = YES;
				CLANG_WARN_SUSPICIOUS_MOVE = YES;
				CLANG_WARN_UNGUARDED_AVAILABILITY = YES_AGGRESSIVE;
				CLANG_WARN_UNREACHABLE_CODE = YES;
				CLANG_WARN__DUPLICATE_METHOD_MATCH = YES;
				COPY_PHASE_STRIP = NO;
				DEBUG_INFORMATION_FORMAT = dwarf;
				ENABLE_STRICT_OBJC_MSGSEND = YES;
				ENABLE_TESTABILITY = YES;
				GCC_C_LANGUAGE_STANDARD = gnu11;
				GCC_DYNAMIC_NO_PIC = NO;
				GCC_NO_COMMON_BLOCKS = YES;
				GCC_OPTIMIZATION_LEVEL = 0;
				GCC_PREPROCESSOR_DEFINITIONS = (
					"DEBUG=1",
					"$(inherited)",
				);
				GCC_WARN_64_TO_32_BIT_CONVERSION = YES;
				GCC_WARN_ABOUT_RETURN_TYPE = YES_ERROR;
				GCC_WARN_UNDECLARED_SELECTOR = YES;
				GCC_WARN_UNINITIALIZED_AUTOS = YES_AGGRESSIVE;
				GCC_WARN_UNUSED_FUNCTION = YES;
				GCC_WARN_UNUSED_VARIABLE = YES;
				IPHONEOS_DEPLOYMENT_TARGET = 14.3;
				MTL_ENABLE_DEBUG_INFO = INCLUDE_SOURCE;
				MTL_FAST_MATH = YES;
				ONLY_ACTIVE_ARCH = YES;
				SDKROOT = iphoneos;
				SWIFT_ACTIVE_COMPILATION_CONDITIONS = DEBUG;
				SWIFT_OPTIMIZATION_LEVEL = "-Onone";
			};
			name = Debug;
		};
		632F3C422589F84F0080D7CE /* Release */ = {
			isa = XCBuildConfiguration;
			buildSettings = {
				ALWAYS_SEARCH_USER_PATHS = NO;
				CLANG_ANALYZER_NONNULL = YES;
				CLANG_ANALYZER_NUMBER_OBJECT_CONVERSION = YES_AGGRESSIVE;
				CLANG_CXX_LANGUAGE_STANDARD = "gnu++14";
				CLANG_CXX_LIBRARY = "libc++";
				CLANG_ENABLE_MODULES = YES;
				CLANG_ENABLE_OBJC_ARC = YES;
				CLANG_ENABLE_OBJC_WEAK = YES;
				CLANG_WARN_BLOCK_CAPTURE_AUTORELEASING = YES;
				CLANG_WARN_BOOL_CONVERSION = YES;
				CLANG_WARN_COMMA = YES;
				CLANG_WARN_CONSTANT_CONVERSION = YES;
				CLANG_WARN_DEPRECATED_OBJC_IMPLEMENTATIONS = YES;
				CLANG_WARN_DIRECT_OBJC_ISA_USAGE = YES_ERROR;
				CLANG_WARN_DOCUMENTATION_COMMENTS = YES;
				CLANG_WARN_EMPTY_BODY = YES;
				CLANG_WARN_ENUM_CONVERSION = YES;
				CLANG_WARN_INFINITE_RECURSION = YES;
				CLANG_WARN_INT_CONVERSION = YES;
				CLANG_WARN_NON_LITERAL_NULL_CONVERSION = YES;
				CLANG_WARN_OBJC_IMPLICIT_RETAIN_SELF = YES;
				CLANG_WARN_OBJC_LITERAL_CONVERSION = YES;
				CLANG_WARN_OBJC_ROOT_CLASS = YES_ERROR;
				CLANG_WARN_QUOTED_INCLUDE_IN_FRAMEWORK_HEADER = YES;
				CLANG_WARN_RANGE_LOOP_ANALYSIS = YES;
				CLANG_WARN_STRICT_PROTOTYPES = YES;
				CLANG_WARN_SUSPICIOUS_MOVE = YES;
				CLANG_WARN_UNGUARDED_AVAILABILITY = YES_AGGRESSIVE;
				CLANG_WARN_UNREACHABLE_CODE = YES;
				CLANG_WARN__DUPLICATE_METHOD_MATCH = YES;
				COPY_PHASE_STRIP = NO;
				DEBUG_INFORMATION_FORMAT = "dwarf-with-dsym";
				ENABLE_NS_ASSERTIONS = NO;
				ENABLE_STRICT_OBJC_MSGSEND = YES;
				GCC_C_LANGUAGE_STANDARD = gnu11;
				GCC_NO_COMMON_BLOCKS = YES;
				GCC_WARN_64_TO_32_BIT_CONVERSION = YES;
				GCC_WARN_ABOUT_RETURN_TYPE = YES_ERROR;
				GCC_WARN_UNDECLARED_SELECTOR = YES;
				GCC_WARN_UNINITIALIZED_AUTOS = YES_AGGRESSIVE;
				GCC_WARN_UNUSED_FUNCTION = YES;
				GCC_WARN_UNUSED_VARIABLE = YES;
				IPHONEOS_DEPLOYMENT_TARGET = 14.3;
				MTL_ENABLE_DEBUG_INFO = NO;
				MTL_FAST_MATH = YES;
				SDKROOT = iphoneos;
				SWIFT_COMPILATION_MODE = wholemodule;
				SWIFT_OPTIMIZATION_LEVEL = "-O";
				VALIDATE_PRODUCT = YES;
			};
			name = Release;
		};
		632F3C442589F84F0080D7CE /* Debug */ = {
			isa = XCBuildConfiguration;
			buildSettings = {
				ASSETCATALOG_COMPILER_APPICON_NAME = AppIcon;
				ASSETCATALOG_COMPILER_GLOBAL_ACCENT_COLOR_NAME = AccentColor;
				CODE_SIGN_STYLE = Automatic;
				INFOPLIST_FILE = AU20_TableViewIntro/Info.plist;
				LD_RUNPATH_SEARCH_PATHS = (
					"$(inherited)",
					"@executable_path/Frameworks",
				);
				PRODUCT_BUNDLE_IDENTIFIER = "com.example.AU20-TableViewIntro";
				PRODUCT_NAME = "$(TARGET_NAME)";
				SWIFT_VERSION = 5.0;
				TARGETED_DEVICE_FAMILY = "1,2";
			};
			name = Debug;
		};
		632F3C452589F84F0080D7CE /* Release */ = {
			isa = XCBuildConfiguration;
			buildSettings = {
				ASSETCATALOG_COMPILER_APPICON_NAME = AppIcon;
				ASSETCATALOG_COMPILER_GLOBAL_ACCENT_COLOR_NAME = AccentColor;
				CODE_SIGN_STYLE = Automatic;
				INFOPLIST_FILE = AU20_TableViewIntro/Info.plist;
				LD_RUNPATH_SEARCH_PATHS = (
					"$(inherited)",
					"@executable_path/Frameworks",
				);
				PRODUCT_BUNDLE_IDENTIFIER = "com.example.AU20-TableViewIntro";
				PRODUCT_NAME = "$(TARGET_NAME)";
				SWIFT_VERSION = 5.0;
				TARGETED_DEVICE_FAMILY = "1,2";
			};
			name = Release;
		};
		632F3C472589F84F0080D7CE /* Debug */ = {
			isa = XCBuildConfiguration;
			buildSettings = {
				ALWAYS_EMBED_SWIFT_STANDARD_LIBRARIES = YES;
				BUNDLE_LOADER = "$(TEST_HOST)";
				CODE_SIGN_STYLE = Automatic;
				INFOPLIST_FILE = AU20_TableViewIntroTests/Info.plist;
				IPHONEOS_DEPLOYMENT_TARGET = 14.3;
				LD_RUNPATH_SEARCH_PATHS = (
					"$(inherited)",
					"@executable_path/Frameworks",
					"@loader_path/Frameworks",
				);
				PRODUCT_BUNDLE_IDENTIFIER = "com.example.AU20-TableViewIntroTests";
				PRODUCT_NAME = "$(TARGET_NAME)";
				SWIFT_VERSION = 5.0;
				TARGETED_DEVICE_FAMILY = "1,2";
				TEST_HOST = "$(BUILT_PRODUCTS_DIR)/AU20_TableViewIntro.app/AU20_TableViewIntro";
			};
			name = Debug;
		};
		632F3C482589F84F0080D7CE /* Release */ = {
			isa = XCBuildConfiguration;
			buildSettings = {
				ALWAYS_EMBED_SWIFT_STANDARD_LIBRARIES = YES;
				BUNDLE_LOADER = "$(TEST_HOST)";
				CODE_SIGN_STYLE = Automatic;
				INFOPLIST_FILE = AU20_TableViewIntroTests/Info.plist;
				IPHONEOS_DEPLOYMENT_TARGET = 14.3;
				LD_RUNPATH_SEARCH_PATHS = (
					"$(inherited)",
					"@executable_path/Frameworks",
					"@loader_path/Frameworks",
				);
				PRODUCT_BUNDLE_IDENTIFIER = "com.example.AU20-TableViewIntroTests";
				PRODUCT_NAME = "$(TARGET_NAME)";
				SWIFT_VERSION = 5.0;
				TARGETED_DEVICE_FAMILY = "1,2";
				TEST_HOST = "$(BUILT_PRODUCTS_DIR)/AU20_TableViewIntro.app/AU20_TableViewIntro";
			};
			name = Release;
		};
		632F3C4A2589F84F0080D7CE /* Debug */ = {
			isa = XCBuildConfiguration;
			buildSettings = {
				ALWAYS_EMBED_SWIFT_STANDARD_LIBRARIES = YES;
				CODE_SIGN_STYLE = Automatic;
				INFOPLIST_FILE = AU20_TableViewIntroUITests/Info.plist;
				LD_RUNPATH_SEARCH_PATHS = (
					"$(inherited)",
					"@executable_path/Frameworks",
					"@loader_path/Frameworks",
				);
				PRODUCT_BUNDLE_IDENTIFIER = "com.example.AU20-TableViewIntroUITests";
				PRODUCT_NAME = "$(TARGET_NAME)";
				SWIFT_VERSION = 5.0;
				TARGETED_DEVICE_FAMILY = "1,2";
				TEST_TARGET_NAME = AU20_TableViewIntro;
			};
			name = Debug;
		};
		632F3C4B2589F84F0080D7CE /* Release */ = {
			isa = XCBuildConfiguration;
			buildSettings = {
				ALWAYS_EMBED_SWIFT_STANDARD_LIBRARIES = YES;
				CODE_SIGN_STYLE = Automatic;
				INFOPLIST_FILE = AU20_TableViewIntroUITests/Info.plist;
				LD_RUNPATH_SEARCH_PATHS = (
					"$(inherited)",
					"@executable_path/Frameworks",
					"@loader_path/Frameworks",
				);
				PRODUCT_BUNDLE_IDENTIFIER = "com.example.AU20-TableViewIntroUITests";
				PRODUCT_NAME = "$(TARGET_NAME)";
				SWIFT_VERSION = 5.0;
				TARGETED_DEVICE_FAMILY = "1,2";
				TEST_TARGET_NAME = AU20_TableViewIntro;
			};
			name = Release;
		};
/* End XCBuildConfiguration section */

/* Begin XCConfigurationList section */
		632F3C142589F84D0080D7CE /* Build configuration list for PBXProject "AU20_TableViewIntro" */ = {
			isa = XCConfigurationList;
			buildConfigurations = (
				632F3C412589F84F0080D7CE /* Debug */,
				632F3C422589F84F0080D7CE /* Release */,
			);
			defaultConfigurationIsVisible = 0;
			defaultConfigurationName = Release;
		};
		632F3C432589F84F0080D7CE /* Build configuration list for PBXNativeTarget "AU20_TableViewIntro" */ = {
			isa = XCConfigurationList;
			buildConfigurations = (
				632F3C442589F84F0080D7CE /* Debug */,
				632F3C452589F84F0080D7CE /* Release */,
			);
			defaultConfigurationIsVisible = 0;
			defaultConfigurationName = Release;
		};
		632F3C462589F84F0080D7CE /* Build configuration list for PBXNativeTarget "AU20_TableViewIntroTests" */ = {
			isa = XCConfigurationList;
			buildConfigurations = (
				632F3C472589F84F0080D7CE /* Debug */,
				632F3C482589F84F0080D7CE /* Release */,
			);
			defaultConfigurationIsVisible = 0;
			defaultConfigurationName = Release;
		};
		632F3C492589F84F0080D7CE /* Build configuration list for PBXNativeTarget "AU20_TableViewIntroUITests" */ = {
			isa = XCConfigurationList;
			buildConfigurations = (
				632F3C4A2589F84F0080D7CE /* Debug */,
				632F3C4B2589F84F0080D7CE /* Release */,
			);
			defaultConfigurationIsVisible = 0;
			defaultConfigurationName = Release;
		};
/* End XCConfigurationList section */
	};
	rootObject = 632F3C112589F84D0080D7CE /* Project object */;
}
